
Microsoft Visual Studio Solution File, Format Version 12.00
# Visual Studio Version 17
VisualStudioVersion = 17.7.34018.315
MinimumVisualStudioVersion = 10.0.40219.1
Project("{FAE04EC0-301F-11D3-BF4B-00C04F79EFBC}") = "Contacts", "Contacts\Contacts.csproj", "{F2A8120B-3058-40D3-81CA-3C9072450A46}"
EndProject
Global
	GlobalSection(SolutionConfigurationPlatforms) = preSolution
		Debug|Any CPU = Debug|Any CPU
		Release|Any CPU = Release|Any CPU
	EndGlobalSection
	GlobalSection(ProjectConfigurationPlatforms) = postSolution
		{F2A8120B-3058-40D3-81CA-3C9072450A46}.Debug|Any CPU.ActiveCfg = Debug|Any CPU
		{F2A8120B-3058-40D3-81CA-3C9072450A46}.Debug|Any CPU.Build.0 = Debug|Any CPU
		{F2A8120B-3058-40D3-81CA-3C9072450A46}.Release|Any CPU.ActiveCfg = Release|Any CPU
		{F2A8120B-3058-40D3-81CA-3C9072450A46}.Release|Any CPU.Build.0 = Release|Any CPU
	EndGlobalSection
	GlobalSection(SolutionProperties) = preSolution
		HideSolutionNode = FALSE
	EndGlobalSection
	GlobalSection(ExtensibilityGlobals) = postSolution
		SolutionGuid = {6E60C760-4003-4016-A08A-4411A9DB0E7E}
	EndGlobalSection
EndGlobal
